
Microsoft Visual Studio Solution File, Format Version 12.00
# Visual Studio Version 17
VisualStudioVersion = 17.7.33927.210
MinimumVisualStudioVersion = 10.0.40219.1
Project("{9A19103F-16F7-4668-BE54-9A1E7A4F7556}") = "EcoLife.Api", "EcoLife.Api\EcoLife.Api.csproj", "{0DDE5F13-85D2-48CB-B75C-86A3205D325C}"
EndProject
Project("{00D1A9C2-B5F0-4AF3-8072-F6C62B433612}") = "EcoLife.Db", "EcoLife.Db\EcoLife.Db.sqlproj", "{571B4E88-6EA1-4DD0-974E-1957E21EFDA7}"
EndProject
Global
	GlobalSection(SolutionConfigurationPlatforms) = preSolution
		Debug|Any CPU = Debug|Any CPU
		Release|Any CPU = Release|Any CPU
	EndGlobalSection
	GlobalSection(ProjectConfigurationPlatforms) = postSolution
		{0DDE5F13-85D2-48CB-B75C-86A3205D325C}.Debug|Any CPU.ActiveCfg = Debug|Any CPU
		{0DDE5F13-85D2-48CB-B75C-86A3205D325C}.Debug|Any CPU.Build.0 = Debug|Any CPU
		{0DDE5F13-85D2-48CB-B75C-86A3205D325C}.Release|Any CPU.ActiveCfg = Release|Any CPU
		{0DDE5F13-85D2-48CB-B75C-86A3205D325C}.Release|Any CPU.Build.0 = Release|Any CPU
		{571B4E88-6EA1-4DD0-974E-1957E21EFDA7}.Debug|Any CPU.ActiveCfg = Debug|Any CPU
		{571B4E88-6EA1-4DD0-974E-1957E21EFDA7}.Debug|Any CPU.Build.0 = Debug|Any CPU
		{571B4E88-6EA1-4DD0-974E-1957E21EFDA7}.Debug|Any CPU.Deploy.0 = Debug|Any CPU
		{571B4E88-6EA1-4DD0-974E-1957E21EFDA7}.Release|Any CPU.ActiveCfg = Release|Any CPU
		{571B4E88-6EA1-4DD0-974E-1957E21EFDA7}.Release|Any CPU.Build.0 = Release|Any CPU
		{571B4E88-6EA1-4DD0-974E-1957E21EFDA7}.Release|Any CPU.Deploy.0 = Release|Any CPU
	EndGlobalSection
	GlobalSection(SolutionProperties) = preSolution
		HideSolutionNode = FALSE
	EndGlobalSection
	GlobalSection(ExtensibilityGlobals) = postSolution
		SolutionGuid = {6E704636-EBCA-4964-A127-0F392C8999A8}
	EndGlobalSection
EndGlobal
